Microsoft Visual Studio Solution File, Format Version 12.00
# Visual Studio Version 16
VisualStudioVersion = 16.0.30711.63
MinimumVisualStudioVersion = 10.0.40219.1
Project("{FAE04EC0-301F-11D3-BF4B-00C04F79EFBC}") = "ioschools", "ioschools\ioschools.csproj", "{34A3C5DD-69E7-45FF-A748-8B9089889DBD}"
EndProject
Project("{FAE04EC0-301F-11D3-BF4B-00C04F79EFBC}") = "ioschools.DB", "ioschools.DB\ioschools.DB.csproj", "{E7CAFBB9-D21F-4533-848F-6321C70A9999}"
EndProject
Project("{2150E333-8FDC-42A3-9474-1A3956D46DE8}") = "documentation", "documentation", "{ABB98F17-F45D-4DDC-A7EE-24BEFCD881E2}"
EndProject
Project("{FAE04EC0-301F-11D3-BF4B-00C04F79EFBC}") = "ioschools.Data", "ioschools.Data\ioschools.Data.csproj", "{D0F663B9-FDF4-45FB-928B-37D1C30A8F8C}"
EndProject
Project("{2150E333-8FDC-42A3-9474-1A3956D46DE8}") = "Solution Items", "Solution Items", "{68301B0A-9CC3-42AC-94BB-F3712F10E26C}"
	ProjectSection(SolutionItems) = preProject
	EndProjectSection
EndProject
Project("{2150E333-8FDC-42A3-9474-1A3956D46DE8}") = "libraries", "libraries", "{2EC118A3-C6A3-4B63-BCAF-15AA0E678548}"
EndProject
Project("{FAE04EC0-301F-11D3-BF4B-00C04F79EFBC}") = "ioschools.Caching", "ioschools.Caching\ioschools.Caching.csproj", "{C931C277-CE6D-4D43-84AA-89079C3692DB}"
EndProject
Global
	GlobalSection(SolutionConfigurationPlatforms) = preSolution
		Debug_Azure|Any CPU = Debug_Azure|Any CPU
		Debug_Azure|x86 = Debug_Azure|x86
		Debug_local|Any CPU = Debug_local|Any CPU
		Debug_local|x86 = Debug_local|x86
		Debug|Any CPU = Debug|Any CPU
		Debug|x86 = Debug|x86
		DebugFB|Any CPU = DebugFB|Any CPU
		DebugFB|x86 = DebugFB|x86
		DebugForProfiler|Any CPU = DebugForProfiler|Any CPU
		DebugForProfiler|x86 = DebugForProfiler|x86
		DebugNoRackspace|Any CPU = DebugNoRackspace|Any CPU
		DebugNoRackspace|x86 = DebugNoRackspace|x86
		DebugOpenSocial|Any CPU = DebugOpenSocial|Any CPU
		DebugOpenSocial|x86 = DebugOpenSocial|x86
		Release_Azure|Any CPU = Release_Azure|Any CPU
		Release_Azure|x86 = Release_Azure|x86
		Release_Test|Any CPU = Release_Test|Any CPU
		Release_Test|x86 = Release_Test|x86
		Release|Any CPU = Release|Any CPU
		Release|x86 = Release|x86
	EndGlobalSection
	GlobalSection(ProjectConfigurationPlatforms) = postSolution
		{34A3C5DD-69E7-45FF-A748-8B9089889DBD}.Debug_Azure|Any CPU.ActiveCfg = Debug|Any CPU
		{34A3C5DD-69E7-45FF-A748-8B9089889DBD}.Debug_Azure|Any CPU.Build.0 = Debug|Any CPU
		{34A3C5DD-69E7-45FF-A748-8B9089889DBD}.Debug_Azure|x86.ActiveCfg = Debug|Any CPU
		{34A3C5DD-69E7-45FF-A748-8B9089889DBD}.Debug_local|Any CPU.ActiveCfg = Debug|Any CPU
		{34A3C5DD-69E7-45FF-A748-8B9089889DBD}.Debug_local|Any CPU.Build.0 = Debug|Any CPU
		{34A3C5DD-69E7-45FF-A748-8B9089889DBD}.Debug_local|x86.ActiveCfg = Debug|Any CPU
		{34A3C5DD-69E7-45FF-A748-8B9089889DBD}.Debug|Any CPU.ActiveCfg = Debug|Any CPU
		{34A3C5DD-69E7-45FF-A748-8B9089889DBD}.Debug|Any CPU.Build.0 = Debug|Any CPU
		{34A3C5DD-69E7-45FF-A748-8B9089889DBD}.Debug|x86.ActiveCfg = Debug|Any CPU
		{34A3C5DD-69E7-45FF-A748-8B9089889DBD}.DebugFB|Any CPU.ActiveCfg = Debug|Any CPU
		{34A3C5DD-69E7-45FF-A748-8B9089889DBD}.DebugFB|Any CPU.Build.0 = Debug|Any CPU
		{34A3C5DD-69E7-45FF-A748-8B9089889DBD}.DebugFB|x86.ActiveCfg = Debug|Any CPU
		{34A3C5DD-69E7-45FF-A748-8B9089889DBD}.DebugForProfiler|Any CPU.ActiveCfg = Debug|Any CPU
		{34A3C5DD-69E7-45FF-A748-8B9089889DBD}.DebugForProfiler|x86.ActiveCfg = Debug|Any CPU
		{34A3C5DD-69E7-45FF-A748-8B9089889DBD}.DebugNoRackspace|Any CPU.ActiveCfg = Debug|Any CPU
		{34A3C5DD-69E7-45FF-A748-8B9089889DBD}.DebugNoRackspace|Any CPU.Build.0 = Debug|Any CPU
		{34A3C5DD-69E7-45FF-A748-8B9089889DBD}.DebugNoRackspace|x86.ActiveCfg = Debug|Any CPU
		{34A3C5DD-69E7-45FF-A748-8B9089889DBD}.DebugOpenSocial|Any CPU.ActiveCfg = Debug|Any CPU
		{34A3C5DD-69E7-45FF-A748-8B9089889DBD}.DebugOpenSocial|Any CPU.Build.0 = Debug|Any CPU
		{34A3C5DD-69E7-45FF-A748-8B9089889DBD}.DebugOpenSocial|x86.ActiveCfg = Debug|Any CPU
		{34A3C5DD-69E7-45FF-A748-8B9089889DBD}.Release_Azure|Any CPU.ActiveCfg = Release|Any CPU
		{34A3C5DD-69E7-45FF-A748-8B9089889DBD}.Release_Azure|Any CPU.Build.0 = Release|Any CPU
		{34A3C5DD-69E7-45FF-A748-8B9089889DBD}.Release_Azure|x86.ActiveCfg = Release|Any CPU
		{34A3C5DD-69E7-45FF-A748-8B9089889DBD}.Release_Azure|x86.Build.0 = Release|Any CPU
		{34A3C5DD-69E7-45FF-A748-8B9089889DBD}.Release_Test|Any CPU.ActiveCfg = Release|Any CPU
		{34A3C5DD-69E7-45FF-A748-8B9089889DBD}.Release_Test|Any CPU.Build.0 = Release|Any CPU
		{34A3C5DD-69E7-45FF-A748-8B9089889DBD}.Release_Test|x86.ActiveCfg = Release|Any CPU
		{34A3C5DD-69E7-45FF-A748-8B9089889DBD}.Release_Test|x86.Build.0 = Release|Any CPU
		{34A3C5DD-69E7-45FF-A748-8B9089889DBD}.Release|Any CPU.ActiveCfg = Release|Any CPU
		{34A3C5DD-69E7-45FF-A748-8B9089889DBD}.Release|Any CPU.Build.0 = Release|Any CPU
		{34A3C5DD-69E7-45FF-A748-8B9089889DBD}.Release|x86.ActiveCfg = Release|Any CPU
		{E7CAFBB9-D21F-4533-848F-6321C70A9999}.Debug_Azure|Any CPU.ActiveCfg = Debug|Any CPU
		{E7CAFBB9-D21F-4533-848F-6321C70A9999}.Debug_Azure|Any CPU.Build.0 = Debug|Any CPU
		{E7CAFBB9-D21F-4533-848F-6321C70A9999}.Debug_Azure|x86.ActiveCfg = Debug|Any CPU
		{E7CAFBB9-D21F-4533-848F-6321C70A9999}.Debug_local|Any CPU.ActiveCfg = Debug|Any CPU
		{E7CAFBB9-D21F-4533-848F-6321C70A9999}.Debug_local|Any CPU.Build.0 = Debug|Any CPU
		{E7CAFBB9-D21F-4533-848F-6321C70A9999}.Debug_local|x86.ActiveCfg = Debug|Any CPU
		{E7CAFBB9-D21F-4533-848F-6321C70A9999}.Debug|Any CPU.ActiveCfg = Debug|Any CPU
		{E7CAFBB9-D21F-4533-848F-6321C70A9999}.Debug|Any CPU.Build.0 = Debug|Any CPU
		{E7CAFBB9-D21F-4533-848F-6321C70A9999}.Debug|x86.ActiveCfg = Debug|Any CPU
		{E7CAFBB9-D21F-4533-848F-6321C70A9999}.DebugFB|Any CPU.ActiveCfg = Debug|Any CPU
		{E7CAFBB9-D21F-4533-848F-6321C70A9999}.DebugFB|Any CPU.Build.0 = Debug|Any CPU
		{E7CAFBB9-D21F-4533-848F-6321C70A9999}.DebugFB|x86.ActiveCfg = Debug|Any CPU
		{E7CAFBB9-D21F-4533-848F-6321C70A9999}.DebugForProfiler|Any CPU.ActiveCfg = Debug|Any CPU
		{E7CAFBB9-D21F-4533-848F-6321C70A9999}.DebugForProfiler|Any CPU.Build.0 = Debug|Any CPU
		{E7CAFBB9-D21F-4533-848F-6321C70A9999}.DebugForProfiler|x86.ActiveCfg = Debug|Any CPU
		{E7CAFBB9-D21F-4533-848F-6321C70A9999}.DebugForProfiler|x86.Build.0 = Debug|Any CPU
		{E7CAFBB9-D21F-4533-848F-6321C70A9999}.DebugNoRackspace|Any CPU.ActiveCfg = Debug|Any CPU
		{E7CAFBB9-D21F-4533-848F-6321C70A9999}.DebugNoRackspace|Any CPU.Build.0 = Debug|Any CPU
		{E7CAFBB9-D21F-4533-848F-6321C70A9999}.DebugNoRackspace|x86.ActiveCfg = Debug|Any CPU
		{E7CAFBB9-D21F-4533-848F-6321C70A9999}.DebugOpenSocial|Any CPU.ActiveCfg = Debug|Any CPU
		{E7CAFBB9-D21F-4533-848F-6321C70A9999}.DebugOpenSocial|Any CPU.Build.0 = Debug|Any CPU
		{E7CAFBB9-D21F-4533-848F-6321C70A9999}.DebugOpenSocial|x86.ActiveCfg = Debug|Any CPU
		{E7CAFBB9-D21F-4533-848F-6321C70A9999}.Release_Azure|Any CPU.ActiveCfg = Release|Any CPU
		{E7CAFBB9-D21F-4533-848F-6321C70A9999}.Release_Azure|Any CPU.Build.0 = Release|Any CPU
		{E7CAFBB9-D21F-4533-848F-6321C70A9999}.Release_Azure|x86.ActiveCfg = Release_Test|Any CPU
		{E7CAFBB9-D21F-4533-848F-6321C70A9999}.Release_Test|Any CPU.ActiveCfg = Release_Test|Any CPU
		{E7CAFBB9-D21F-4533-848F-6321C70A9999}.Release_Test|Any CPU.Build.0 = Release_Test|Any CPU
		{E7CAFBB9-D21F-4533-848F-6321C70A9999}.Release_Test|x86.ActiveCfg = Release_Test|Any CPU
		{E7CAFBB9-D21F-4533-848F-6321C70A9999}.Release|Any CPU.ActiveCfg = Release|Any CPU
		{E7CAFBB9-D21F-4533-848F-6321C70A9999}.Release|Any CPU.Build.0 = Release|Any CPU
		{E7CAFBB9-D21F-4533-848F-6321C70A9999}.Release|x86.ActiveCfg = Release|Any CPU
		{D0F663B9-FDF4-45FB-928B-37D1C30A8F8C}.Debug_Azure|Any CPU.ActiveCfg = Debug|Any CPU
		{D0F663B9-FDF4-45FB-928B-37D1C30A8F8C}.Debug_Azure|Any CPU.Build.0 = Debug|Any CPU
		{D0F663B9-FDF4-45FB-928B-37D1C30A8F8C}.Debug_Azure|x86.ActiveCfg = Debug|Any CPU
		{D0F663B9-FDF4-45FB-928B-37D1C30A8F8C}.Debug_local|Any CPU.ActiveCfg = Debug|Any CPU
		{D0F663B9-FDF4-45FB-928B-37D1C30A8F8C}.Debug_local|Any CPU.Build.0 = Debug|Any CPU
		{D0F663B9-FDF4-45FB-928B-37D1C30A8F8C}.Debug_local|x86.ActiveCfg = Debug|Any CPU
		{D0F663B9-FDF4-45FB-928B-37D1C30A8F8C}.Debug|Any CPU.ActiveCfg = Debug|Any CPU
		{D0F663B9-FDF4-45FB-928B-37D1C30A8F8C}.Debug|Any CPU.Build.0 = Debug|Any CPU
		{D0F663B9-FDF4-45FB-928B-37D1C30A8F8C}.Debug|x86.ActiveCfg = Debug|Any CPU
		{D0F663B9-FDF4-45FB-928B-37D1C30A8F8C}.DebugFB|Any CPU.ActiveCfg = Debug|Any CPU
		{D0F663B9-FDF4-45FB-928B-37D1C30A8F8C}.DebugFB|Any CPU.Build.0 = Debug|Any CPU
		{D0F663B9-FDF4-45FB-928B-37D1C30A8F8C}.DebugFB|x86.ActiveCfg = Debug|Any CPU
		{D0F663B9-FDF4-45FB-928B-37D1C30A8F8C}.DebugForProfiler|Any CPU.ActiveCfg = Debug|Any CPU
		{D0F663B9-FDF4-45FB-928B-37D1C30A8F8C}.DebugForProfiler|Any CPU.Build.0 = Debug|Any CPU
		{D0F663B9-FDF4-45FB-928B-37D1C30A8F8C}.DebugForProfiler|x86.ActiveCfg = Debug|Any CPU
		{D0F663B9-FDF4-45FB-928B-37D1C30A8F8C}.DebugForProfiler|x86.Build.0 = Debug|Any CPU
		{D0F663B9-FDF4-45FB-928B-37D1C30A8F8C}.DebugNoRackspace|Any CPU.ActiveCfg = Debug|Any CPU
		{D0F663B9-FDF4-45FB-928B-37D1C30A8F8C}.DebugNoRackspace|Any CPU.Build.0 = Debug|Any CPU
		{D0F663B9-FDF4-45FB-928B-37D1C30A8F8C}.DebugNoRackspace|x86.ActiveCfg = Debug|Any CPU
		{D0F663B9-FDF4-45FB-928B-37D1C30A8F8C}.DebugOpenSocial|Any CPU.ActiveCfg = Debug|Any CPU
		{D0F663B9-FDF4-45FB-928B-37D1C30A8F8C}.DebugOpenSocial|Any CPU.Build.0 = Debug|Any CPU
		{D0F663B9-FDF4-45FB-928B-37D1C30A8F8C}.DebugOpenSocial|x86.ActiveCfg = Debug|Any CPU
		{D0F663B9-FDF4-45FB-928B-37D1C30A8F8C}.Release_Azure|Any CPU.ActiveCfg = Release|Any CPU
		{D0F663B9-FDF4-45FB-928B-37D1C30A8F8C}.Release_Azure|Any CPU.Build.0 = Release|Any CPU
		{D0F663B9-FDF4-45FB-928B-37D1C30A8F8C}.Release_Azure|x86.ActiveCfg = Release_Test|Any CPU
		{D0F663B9-FDF4-45FB-928B-37D1C30A8F8C}.Release_Test|Any CPU.ActiveCfg = Release_Test|Any CPU
		{D0F663B9-FDF4-45FB-928B-37D1C30A8F8C}.Release_Test|Any CPU.Build.0 = Release_Test|Any CPU
		{D0F663B9-FDF4-45FB-928B-37D1C30A8F8C}.Release_Test|x86.ActiveCfg = Release_Test|Any CPU
		{D0F663B9-FDF4-45FB-928B-37D1C30A8F8C}.Release|Any CPU.ActiveCfg = Release|Any CPU
		{D0F663B9-FDF4-45FB-928B-37D1C30A8F8C}.Release|Any CPU.Build.0 = Release|Any CPU
		{D0F663B9-FDF4-45FB-928B-37D1C30A8F8C}.Release|x86.ActiveCfg = Release|Any CPU
		{C931C277-CE6D-4D43-84AA-89079C3692DB}.Debug_Azure|Any CPU.ActiveCfg = Debug|Any CPU
		{C931C277-CE6D-4D43-84AA-89079C3692DB}.Debug_Azure|Any CPU.Build.0 = Debug|Any CPU
		{C931C277-CE6D-4D43-84AA-89079C3692DB}.Debug_Azure|x86.ActiveCfg = Debug|Any CPU
		{C931C277-CE6D-4D43-84AA-89079C3692DB}.Debug_local|Any CPU.ActiveCfg = Debug|Any CPU
		{C931C277-CE6D-4D43-84AA-89079C3692DB}.Debug_local|Any CPU.Build.0 = Debug|Any CPU
		{C931C277-CE6D-4D43-84AA-89079C3692DB}.Debug_local|x86.ActiveCfg = Debug|Any CPU
		{C931C277-CE6D-4D43-84AA-89079C3692DB}.Debug|Any CPU.ActiveCfg = Debug|Any CPU
		{C931C277-CE6D-4D43-84AA-89079C3692DB}.Debug|Any CPU.Build.0 = Debug|Any CPU
		{C931C277-CE6D-4D43-84AA-89079C3692DB}.Debug|x86.ActiveCfg = Debug|Any CPU
		{C931C277-CE6D-4D43-84AA-89079C3692DB}.DebugFB|Any CPU.ActiveCfg = Debug|Any CPU
		{C931C277-CE6D-4D43-84AA-89079C3692DB}.DebugFB|Any CPU.Build.0 = Debug|Any CPU
		{C931C277-CE6D-4D43-84AA-89079C3692DB}.DebugFB|x86.ActiveCfg = Debug|Any CPU
		{C931C277-CE6D-4D43-84AA-89079C3692DB}.DebugForProfiler|Any CPU.ActiveCfg = Debug|Any CPU
		{C931C277-CE6D-4D43-84AA-89079C3692DB}.DebugForProfiler|x86.ActiveCfg = Debug|Any CPU
		{C931C277-CE6D-4D43-84AA-89079C3692DB}.DebugNoRackspace|Any CPU.ActiveCfg = Debug|Any CPU
		{C931C277-CE6D-4D43-84AA-89079C3692DB}.DebugNoRackspace|Any CPU.Build.0 = Debug|Any CPU
		{C931C277-CE6D-4D43-84AA-89079C3692DB}.DebugNoRackspace|x86.ActiveCfg = Debug|Any CPU
		{C931C277-CE6D-4D43-84AA-89079C3692DB}.DebugOpenSocial|Any CPU.ActiveCfg = Debug|Any CPU
		{C931C277-CE6D-4D43-84AA-89079C3692DB}.DebugOpenSocial|Any CPU.Build.0 = Debug|Any CPU
		{C931C277-CE6D-4D43-84AA-89079C3692DB}.DebugOpenSocial|x86.ActiveCfg = Debug|Any CPU
		{C931C277-CE6D-4D43-84AA-89079C3692DB}.Release_Azure|Any CPU.ActiveCfg = Release|Any CPU
		{C931C277-CE6D-4D43-84AA-89079C3692DB}.Release_Azure|Any CPU.Build.0 = Release|Any CPU
		{C931C277-CE6D-4D43-84AA-89079C3692DB}.Release_Azure|x86.ActiveCfg = Release|Any CPU
		{C931C277-CE6D-4D43-84AA-89079C3692DB}.Release_Test|Any CPU.ActiveCfg = Release|Any CPU
		{C931C277-CE6D-4D43-84AA-89079C3692DB}.Release_Test|Any CPU.Build.0 = Release|Any CPU
		{C931C277-CE6D-4D43-84AA-89079C3692DB}.Release_Test|x86.ActiveCfg = Release|Any CPU
		{C931C277-CE6D-4D43-84AA-89079C3692DB}.Release|Any CPU.ActiveCfg = Release|Any CPU
		{C931C277-CE6D-4D43-84AA-89079C3692DB}.Release|Any CPU.Build.0 = Release|Any CPU
		{C931C277-CE6D-4D43-84AA-89079C3692DB}.Release|x86.ActiveCfg = Release|Any CPU
	EndGlobalSection
	GlobalSection(SolutionProperties) = preSolution
		HideSolutionNode = FALSE
	EndGlobalSection
	GlobalSection(ExtensibilityGlobals) = postSolution
		SolutionGuid = {B8FA52CC-2EFF-4498-B80D-49036AAB81CD}
		VisualSVNWorkingCopyRoot = .
	EndGlobalSection
EndGlobal
